
Microsoft Visual Studio Solution File, Format Version 12.00
# Visual Studio 15
VisualStudioVersion = 15.0.27130.2036
MinimumVisualStudioVersion = 10.0.40219.1
Project("{9A19103F-16F7-4668-BE54-9A1E7A4F7556}") = "HealthChecker.Middleware", "HealthChecker.Middleware\HealthChecker.Middleware.csproj", "{DAD7F753-3A79-42DF-A9B4-A127FA46CB1C}"
EndProject
Project("{9A19103F-16F7-4668-BE54-9A1E7A4F7556}") = "HealthChecker.Middleware.Tests", "HealthChecker.Middleware.Tests\HealthChecker.Middleware.Tests.csproj", "{9062B132-C6AB-40AB-A657-BAEEFE69D7E8}"
EndProject
Project("{9A19103F-16F7-4668-BE54-9A1E7A4F7556}") = "HealthChecker.Data", "HealthChecker.Data\HealthChecker.Data.csproj", "{78959D03-94E6-401D-AC92-D3AC8CEC869E}"
EndProject
Project("{9A19103F-16F7-4668-BE54-9A1E7A4F7556}") = "HealthChecker.Data.Tests", "HealthChecker.Data.Tests\HealthChecker.Data.Tests.csproj", "{2C062DFE-881D-4A60-9BF4-9D504B5B1D6C}"
EndProject
Project("{FAE04EC0-301F-11D3-BF4B-00C04F79EFBC}") = "HealthChecker.Models", "HealthChecker.Models\HealthChecker.Models.csproj", "{1A0D801C-30EF-4AF5-A31E-1AB684E5304B}"
EndProject
Global
	GlobalSection(SolutionConfigurationPlatforms) = preSolution
		Debug|Any CPU = Debug|Any CPU
		Release|Any CPU = Release|Any CPU
	EndGlobalSection
	GlobalSection(ProjectConfigurationPlatforms) = postSolution
		{DAD7F753-3A79-42DF-A9B4-A127FA46CB1C}.Debug|Any CPU.ActiveCfg = Debug|Any CPU
		{DAD7F753-3A79-42DF-A9B4-A127FA46CB1C}.Debug|Any CPU.Build.0 = Debug|Any CPU
		{DAD7F753-3A79-42DF-A9B4-A127FA46CB1C}.Release|Any CPU.ActiveCfg = Release|Any CPU
		{DAD7F753-3A79-42DF-A9B4-A127FA46CB1C}.Release|Any CPU.Build.0 = Release|Any CPU
		{9062B132-C6AB-40AB-A657-BAEEFE69D7E8}.Debug|Any CPU.ActiveCfg = Debug|Any CPU
		{9062B132-C6AB-40AB-A657-BAEEFE69D7E8}.Debug|Any CPU.Build.0 = Debug|Any CPU
		{9062B132-C6AB-40AB-A657-BAEEFE69D7E8}.Release|Any CPU.ActiveCfg = Release|Any CPU
		{9062B132-C6AB-40AB-A657-BAEEFE69D7E8}.Release|Any CPU.Build.0 = Release|Any CPU
		{78959D03-94E6-401D-AC92-D3AC8CEC869E}.Debug|Any CPU.ActiveCfg = Debug|Any CPU
		{78959D03-94E6-401D-AC92-D3AC8CEC869E}.Debug|Any CPU.Build.0 = Debug|Any CPU
		{78959D03-94E6-401D-AC92-D3AC8CEC869E}.Release|Any CPU.ActiveCfg = Release|Any CPU
		{78959D03-94E6-401D-AC92-D3AC8CEC869E}.Release|Any CPU.Build.0 = Release|Any CPU
		{2C062DFE-881D-4A60-9BF4-9D504B5B1D6C}.Debug|Any CPU.ActiveCfg = Debug|Any CPU
		{2C062DFE-881D-4A60-9BF4-9D504B5B1D6C}.Debug|Any CPU.Build.0 = Debug|Any CPU
		{2C062DFE-881D-4A60-9BF4-9D504B5B1D6C}.Release|Any CPU.ActiveCfg = Release|Any CPU
		{2C062DFE-881D-4A60-9BF4-9D504B5B1D6C}.Release|Any CPU.Build.0 = Release|Any CPU
		{1A0D801C-30EF-4AF5-A31E-1AB684E5304B}.Debug|Any CPU.ActiveCfg = Debug|Any CPU
		{1A0D801C-30EF-4AF5-A31E-1AB684E5304B}.Debug|Any CPU.Build.0 = Debug|Any CPU
		{1A0D801C-30EF-4AF5-A31E-1AB684E5304B}.Release|Any CPU.ActiveCfg = Release|Any CPU
		{1A0D801C-30EF-4AF5-A31E-1AB684E5304B}.Release|Any CPU.Build.0 = Release|Any CPU
	EndGlobalSection
	GlobalSection(SolutionProperties) = preSolution
		HideSolutionNode = FALSE
	EndGlobalSection
	GlobalSection(ExtensibilityGlobals) = postSolution
		SolutionGuid = {DFFBECBF-11EB-46A6-ACCC-7147C8688069}
	EndGlobalSection
EndGlobal
